
Microsoft Visual Studio Solution File, Format Version 12.00
# Visual Studio 15
VisualStudioVersion = 15.0.28307.136
MinimumVisualStudioVersion = 10.0.40219.1
Project("{FAE04EC0-301F-11D3-BF4B-00C04F79EFBC}") = "GettingRealInvoiceToPdf", "GettingRealInvoiceToPdf\GettingRealInvoiceToPdf.csproj", "{B1A48C6F-4F55-4E8A-B870-2F545A4FECA0}"
EndProject
Global
	GlobalSection(SolutionConfigurationPlatforms) = preSolution
		Debug|Any CPU = Debug|Any CPU
		Release|Any CPU = Release|Any CPU
	EndGlobalSection
	GlobalSection(ProjectConfigurationPlatforms) = postSolution
		{B1A48C6F-4F55-4E8A-B870-2F545A4FECA0}.Debug|Any CPU.ActiveCfg = Debug|Any CPU
		{B1A48C6F-4F55-4E8A-B870-2F545A4FECA0}.Debug|Any CPU.Build.0 = Debug|Any CPU
		{B1A48C6F-4F55-4E8A-B870-2F545A4FECA0}.Release|Any CPU.ActiveCfg = Release|Any CPU
		{B1A48C6F-4F55-4E8A-B870-2F545A4FECA0}.Release|Any CPU.Build.0 = Release|Any CPU
	EndGlobalSection
	GlobalSection(SolutionProperties) = preSolution
		HideSolutionNode = FALSE
	EndGlobalSection
	GlobalSection(ExtensibilityGlobals) = postSolution
		SolutionGuid = {CF13E1C5-90A9-44BF-AB94-3E56B9F422ED}
	EndGlobalSection
EndGlobal
